
Microsoft Visual Studio Solution File, Format Version 12.00
# Visual Studio Version 17
VisualStudioVersion = 17.0.31903.59
MinimumVisualStudioVersion = 10.0.40219.1
Project("{2150E333-8FDC-42A3-9474-1A3956D46DE8}") = "src", "src", "{C647AA14-2455-4CB2-904D-6D9B0191BFF9}"
EndProject
Project("{FAE04EC0-301F-11D3-BF4B-00C04F79EFBC}") = "ApiKeyAuthApp", "src\ApiKeyAuthApp\ApiKeyAuthApp.csproj", "{97A74609-FC00-47FA-B02E-63760A6B23CA}"
EndProject
Global
	GlobalSection(SolutionConfigurationPlatforms) = preSolution
		Debug|Any CPU = Debug|Any CPU
		Release|Any CPU = Release|Any CPU
	EndGlobalSection
	GlobalSection(SolutionProperties) = preSolution
		HideSolutionNode = FALSE
	EndGlobalSection
	GlobalSection(ProjectConfigurationPlatforms) = postSolution
		{97A74609-FC00-47FA-B02E-63760A6B23CA}.Debug|Any CPU.ActiveCfg = Debug|Any CPU
		{97A74609-FC00-47FA-B02E-63760A6B23CA}.Debug|Any CPU.Build.0 = Debug|Any CPU
		{97A74609-FC00-47FA-B02E-63760A6B23CA}.Release|Any CPU.ActiveCfg = Release|Any CPU
		{97A74609-FC00-47FA-B02E-63760A6B23CA}.Release|Any CPU.Build.0 = Release|Any CPU
	EndGlobalSection
	GlobalSection(NestedProjects) = preSolution
		{97A74609-FC00-47FA-B02E-63760A6B23CA} = {C647AA14-2455-4CB2-904D-6D9B0191BFF9}
	EndGlobalSection
EndGlobal
